{
	"name": "static.http",
	"version": "1.0.14",
	"lockfileVersion": 1,
	"requires": true,
	"dependencies": {
		"cli.util": {
			"version": "git+https://git@github.com/anzerr/cli.util.git#baae33b2b9a7f77714be17ca2d34bd16fb9dd23f",
			"from": "git+https://git@github.com/anzerr/cli.util.git"
		},
		"clone.util": {
			"version": "git+https://git@github.com/anzerr/clone.util.git#6b3f65e279fea1da1055fcd0d4f2fc1e80238b92",
			"from": "git+https://git@github.com/anzerr/clone.util.git",
			"requires": {
				"type.util": "git+https://git@github.com/anzerr/type.util.git"
			}
		},
		"fs.promisify": {
			"version": "git+https://git@github.com/anzerr/fs.promisify.git#b218e55d2bc34a81f08efe3f7ef9d6e72e716546",
			"from": "git+https://git@github.com/anzerr/fs.promisify.git"
		},
		"http.server": {
			"version": "git+https://git@github.com/anzerr/http.server.git#7452103c7f06ce8f79f1380ae0802f1e5c929d25",
			"from": "git+https://git@github.com/anzerr/http.server.git",
			"requires": {
				"clone.util": "git+https://git@github.com/anzerr/clone.util.git",
				"mime.util": "git+https://git@github.com/anzerr/mime.util.git",
				"type.util": "git+https://git@github.com/anzerr/type.util.git"
			}
		},
		"mime.util": {
			"version": "git+https://git@github.com/anzerr/mime.util.git#1443d8955bd6572b2b0fd018061fc76e18021492",
			"from": "git+https://git@github.com/anzerr/mime.util.git"
		},
		"type.util": {
			"version": "git+https://git@github.com/anzerr/type.util.git#3a38e81dd05b028469f2c570dfc67090b951ef2c",
			"from": "git+https://git@github.com/anzerr/type.util.git"
		}
	}
}
